{
  "originHash" : "f3a5a302cb3164642df71214dddadcf3ae00a0102b6badb36dc3235cd9036654",
  "pins" : [
    {
      "identity" : "logmanager",
      "kind" : "remoteSourceControl",
      "location" : "https://github.com/Appracatappra/LogManager",
      "state" : {
        "revision" : "bf916fa61fd3d3f006bcede8e9ca2d4910279478",
        "version" : "2.0.0"
      }
    },
    {
      "identity" : "simpleserializer",
      "kind" : "remoteSourceControl",
      "location" : "https://github.com/Appracatappra/SimpleSerializer",
      "state" : {
        "revision" : "77d7fb43e248e710d0d6a348849a29d3b8a2c504",
        "version" : "2.0.0"
      }
    },
    {
      "identity" : "swiftletutilities",
      "kind" : "remoteSourceControl",
      "location" : "https://github.com/Appracatappra/SwiftletUtilities",
      "state" : {
        "revision" : "b3564b394c7d81f02c8f62e821a38efa62a97d66",
        "version" : "2.0.1"
      }
    }
  ],
  "version" : 3
}
